
Microsoft Visual Studio Solution File, Format Version 12.00
# Visual Studio Version 17
VisualStudioVersion = 17.8.34408.163
MinimumVisualStudioVersion = 10.0.40219.1
Project("{FAE04EC0-301F-11D3-BF4B-00C04F79EFBC}") = "HomeApp.UWP", "HomeApp\HomeApp.UWP\HomeApp.UWP.csproj", "{6052FD24-853C-4771-A5BB-FE2FD625688B}"
EndProject
Project("{FAE04EC0-301F-11D3-BF4B-00C04F79EFBC}") = "HomeApp.Android", "HomeApp\HomeApp.Android\HomeApp.Android.csproj", "{19993002-19F4-406A-9B06-48D7A3E4FAF0}"
EndProject
Project("{FAE04EC0-301F-11D3-BF4B-00C04F79EFBC}") = "HomeApp.iOS", "HomeApp\HomeApp.iOS\HomeApp.iOS.csproj", "{FD6D6834-4C28-48BB-B203-08C2CCCBBD88}"
EndProject
Project("{FAE04EC0-301F-11D3-BF4B-00C04F79EFBC}") = "HomeApp", "HomeApp\HomeApp\HomeApp.csproj", "{3AA92DE1-3FFE-4A02-B973-20468050DB24}"
EndProject
Global
	GlobalSection(SolutionConfigurationPlatforms) = preSolution
		Debug|Any CPU = Debug|Any CPU
		Debug|ARM = Debug|ARM
		Debug|iPhone = Debug|iPhone
		Debug|iPhoneSimulator = Debug|iPhoneSimulator
		Debug|x64 = Debug|x64
		Debug|x86 = Debug|x86
		Release|Any CPU = Release|Any CPU
		Release|ARM = Release|ARM
		Release|iPhone = Release|iPhone
		Release|iPhoneSimulator = Release|iPhoneSimulator
		Release|x64 = Release|x64
		Release|x86 = Release|x86
	EndGlobalSection
	GlobalSection(ProjectConfigurationPlatforms) = postSolution
		{6052FD24-853C-4771-A5BB-FE2FD625688B}.Debug|Any CPU.ActiveCfg = Debug|x64
		{6052FD24-853C-4771-A5BB-FE2FD625688B}.Debug|Any CPU.Build.0 = Debug|x64
		{6052FD24-853C-4771-A5BB-FE2FD625688B}.Debug|Any CPU.Deploy.0 = Debug|x64
		{6052FD24-853C-4771-A5BB-FE2FD625688B}.Debug|ARM.ActiveCfg = Debug|ARM
		{6052FD24-853C-4771-A5BB-FE2FD625688B}.Debug|ARM.Build.0 = Debug|ARM
		{6052FD24-853C-4771-A5BB-FE2FD625688B}.Debug|ARM.Deploy.0 = Debug|ARM
		{6052FD24-853C-4771-A5BB-FE2FD625688B}.Debug|iPhone.ActiveCfg = Debug|x64
		{6052FD24-853C-4771-A5BB-FE2FD625688B}.Debug|iPhone.Build.0 = Debug|x64
		{6052FD24-853C-4771-A5BB-FE2FD625688B}.Debug|iPhone.Deploy.0 = Debug|x64
		{6052FD24-853C-4771-A5BB-FE2FD625688B}.Debug|iPhoneSimulator.ActiveCfg = Debug|x64
		{6052FD24-853C-4771-A5BB-FE2FD625688B}.Debug|iPhoneSimulator.Build.0 = Debug|x64
		{6052FD24-853C-4771-A5BB-FE2FD625688B}.Debug|iPhoneSimulator.Deploy.0 = Debug|x64
		{6052FD24-853C-4771-A5BB-FE2FD625688B}.Debug|x64.ActiveCfg = Debug|x64
		{6052FD24-853C-4771-A5BB-FE2FD625688B}.Debug|x64.Build.0 = Debug|x64
		{6052FD24-853C-4771-A5BB-FE2FD625688B}.Debug|x64.Deploy.0 = Debug|x64
		{6052FD24-853C-4771-A5BB-FE2FD625688B}.Debug|x86.ActiveCfg = Debug|x86
		{6052FD24-853C-4771-A5BB-FE2FD625688B}.Debug|x86.Build.0 = Debug|x86
		{6052FD24-853C-4771-A5BB-FE2FD625688B}.Debug|x86.Deploy.0 = Debug|x86
		{6052FD24-853C-4771-A5BB-FE2FD625688B}.Release|Any CPU.ActiveCfg = Release|x64
		{6052FD24-853C-4771-A5BB-FE2FD625688B}.Release|Any CPU.Build.0 = Release|x64
		{6052FD24-853C-4771-A5BB-FE2FD625688B}.Release|Any CPU.Deploy.0 = Release|x64
		{6052FD24-853C-4771-A5BB-FE2FD625688B}.Release|ARM.ActiveCfg = Release|ARM
		{6052FD24-853C-4771-A5BB-FE2FD625688B}.Release|ARM.Build.0 = Release|ARM
		{6052FD24-853C-4771-A5BB-FE2FD625688B}.Release|ARM.Deploy.0 = Release|ARM
		{6052FD24-853C-4771-A5BB-FE2FD625688B}.Release|iPhone.ActiveCfg = Release|x64
		{6052FD24-853C-4771-A5BB-FE2FD625688B}.Release|iPhone.Build.0 = Release|x64
		{6052FD24-853C-4771-A5BB-FE2FD625688B}.Release|iPhone.Deploy.0 = Release|x64
		{6052FD24-853C-4771-A5BB-FE2FD625688B}.Release|iPhoneSimulator.ActiveCfg = Release|x64
		{6052FD24-853C-4771-A5BB-FE2FD625688B}.Release|iPhoneSimulator.Build.0 = Release|x64
		{6052FD24-853C-4771-A5BB-FE2FD625688B}.Release|iPhoneSimulator.Deploy.0 = Release|x64
		{6052FD24-853C-4771-A5BB-FE2FD625688B}.Release|x64.ActiveCfg = Release|x64
		{6052FD24-853C-4771-A5BB-FE2FD625688B}.Release|x64.Build.0 = Release|x64
		{6052FD24-853C-4771-A5BB-FE2FD625688B}.Release|x64.Deploy.0 = Release|x64
		{6052FD24-853C-4771-A5BB-FE2FD625688B}.Release|x86.ActiveCfg = Release|x86
		{6052FD24-853C-4771-A5BB-FE2FD625688B}.Release|x86.Build.0 = Release|x86
		{6052FD24-853C-4771-A5BB-FE2FD625688B}.Release|x86.Deploy.0 = Release|x86
		{19993002-19F4-406A-9B06-48D7A3E4FAF0}.Debug|Any CPU.ActiveCfg = Debug|Any CPU
		{19993002-19F4-406A-9B06-48D7A3E4FAF0}.Debug|Any CPU.Build.0 = Debug|Any CPU
		{19993002-19F4-406A-9B06-48D7A3E4FAF0}.Debug|Any CPU.Deploy.0 = Debug|Any CPU
		{19993002-19F4-406A-9B06-48D7A3E4FAF0}.Debug|ARM.ActiveCfg = Debug|Any CPU
		{19993002-19F4-406A-9B06-48D7A3E4FAF0}.Debug|ARM.Build.0 = Debug|Any CPU
		{19993002-19F4-406A-9B06-48D7A3E4FAF0}.Debug|ARM.Deploy.0 = Debug|Any CPU
		{19993002-19F4-406A-9B06-48D7A3E4FAF0}.Debug|iPhone.ActiveCfg = Debug|Any CPU
		{19993002-19F4-406A-9B06-48D7A3E4FAF0}.Debug|iPhone.Build.0 = Debug|Any CPU
		{19993002-19F4-406A-9B06-48D7A3E4FAF0}.Debug|iPhone.Deploy.0 = Debug|Any CPU
		{19993002-19F4-406A-9B06-48D7A3E4FAF0}.Debug|iPhoneSimulator.ActiveCfg = Debug|Any CPU
		{19993002-19F4-406A-9B06-48D7A3E4FAF0}.Debug|iPhoneSimulator.Build.0 = Debug|Any CPU
		{19993002-19F4-406A-9B06-48D7A3E4FAF0}.Debug|iPhoneSimulator.Deploy.0 = Debug|Any CPU
		{19993002-19F4-406A-9B06-48D7A3E4FAF0}.Debug|x64.ActiveCfg = Debug|Any CPU
		{19993002-19F4-406A-9B06-48D7A3E4FAF0}.Debug|x64.Build.0 = Debug|Any CPU
		{19993002-19F4-406A-9B06-48D7A3E4FAF0}.Debug|x64.Deploy.0 = Debug|Any CPU
		{19993002-19F4-406A-9B06-48D7A3E4FAF0}.Debug|x86.ActiveCfg = Debug|Any CPU
		{19993002-19F4-406A-9B06-48D7A3E4FAF0}.Debug|x86.Build.0 = Debug|Any CPU
		{19993002-19F4-406A-9B06-48D7A3E4FAF0}.Debug|x86.Deploy.0 = Debug|Any CPU
		{19993002-19F4-406A-9B06-48D7A3E4FAF0}.Release|Any CPU.ActiveCfg = Release|Any CPU
		{19993002-19F4-406A-9B06-48D7A3E4FAF0}.Release|Any CPU.Build.0 = Release|Any CPU
		{19993002-19F4-406A-9B06-48D7A3E4FAF0}.Release|Any CPU.Deploy.0 = Release|Any CPU
		{19993002-19F4-406A-9B06-48D7A3E4FAF0}.Release|ARM.ActiveCfg = Release|Any CPU
		{19993002-19F4-406A-9B06-48D7A3E4FAF0}.Release|ARM.Build.0 = Release|Any CPU
		{19993002-19F4-406A-9B06-48D7A3E4FAF0}.Release|ARM.Deploy.0 = Release|Any CPU
		{19993002-19F4-406A-9B06-48D7A3E4FAF0}.Release|iPhone.ActiveCfg = Release|Any CPU
		{19993002-19F4-406A-9B06-48D7A3E4FAF0}.Release|iPhone.Build.0 = Release|Any CPU
		{19993002-19F4-406A-9B06-48D7A3E4FAF0}.Release|iPhone.Deploy.0 = Release|Any CPU
		{19993002-19F4-406A-9B06-48D7A3E4FAF0}.Release|iPhoneSimulator.ActiveCfg = Release|Any CPU
		{19993002-19F4-406A-9B06-48D7A3E4FAF0}.Release|iPhoneSimulator.Build.0 = Release|Any CPU
		{19993002-19F4-406A-9B06-48D7A3E4FAF0}.Release|iPhoneSimulator.Deploy.0 = Release|Any CPU
		{19993002-19F4-406A-9B06-48D7A3E4FAF0}.Release|x64.ActiveCfg = Release|Any CPU
		{19993002-19F4-406A-9B06-48D7A3E4FAF0}.Release|x64.Build.0 = Release|Any CPU
		{19993002-19F4-406A-9B06-48D7A3E4FAF0}.Release|x64.Deploy.0 = Release|Any CPU
		{19993002-19F4-406A-9B06-48D7A3E4FAF0}.Release|x86.ActiveCfg = Release|Any CPU
		{19993002-19F4-406A-9B06-48D7A3E4FAF0}.Release|x86.Build.0 = Release|Any CPU
		{19993002-19F4-406A-9B06-48D7A3E4FAF0}.Release|x86.Deploy.0 = Release|Any CPU
		{FD6D6834-4C28-48BB-B203-08C2CCCBBD88}.Debug|Any CPU.ActiveCfg = Debug|iPhoneSimulator
		{FD6D6834-4C28-48BB-B203-08C2CCCBBD88}.Debug|Any CPU.Build.0 = Debug|iPhoneSimulator
		{FD6D6834-4C28-48BB-B203-08C2CCCBBD88}.Debug|Any CPU.Deploy.0 = Debug|iPhoneSimulator
		{FD6D6834-4C28-48BB-B203-08C2CCCBBD88}.Debug|ARM.ActiveCfg = Debug|iPhoneSimulator
		{FD6D6834-4C28-48BB-B203-08C2CCCBBD88}.Debug|ARM.Build.0 = Debug|iPhoneSimulator
		{FD6D6834-4C28-48BB-B203-08C2CCCBBD88}.Debug|ARM.Deploy.0 = Debug|iPhoneSimulator
		{FD6D6834-4C28-48BB-B203-08C2CCCBBD88}.Debug|iPhone.ActiveCfg = Debug|iPhone
		{FD6D6834-4C28-48BB-B203-08C2CCCBBD88}.Debug|iPhone.Build.0 = Debug|iPhone
		{FD6D6834-4C28-48BB-B203-08C2CCCBBD88}.Debug|iPhone.Deploy.0 = Debug|iPhone
		{FD6D6834-4C28-48BB-B203-08C2CCCBBD88}.Debug|iPhoneSimulator.ActiveCfg = Debug|iPhoneSimulator
		{FD6D6834-4C28-48BB-B203-08C2CCCBBD88}.Debug|iPhoneSimulator.Build.0 = Debug|iPhoneSimulator
		{FD6D6834-4C28-48BB-B203-08C2CCCBBD88}.Debug|iPhoneSimulator.Deploy.0 = Debug|iPhoneSimulator
		{FD6D6834-4C28-48BB-B203-08C2CCCBBD88}.Debug|x64.ActiveCfg = Debug|iPhone
		{FD6D6834-4C28-48BB-B203-08C2CCCBBD88}.Debug|x64.Build.0 = Debug|iPhone
		{FD6D6834-4C28-48BB-B203-08C2CCCBBD88}.Debug|x64.Deploy.0 = Debug|iPhone
		{FD6D6834-4C28-48BB-B203-08C2CCCBBD88}.Debug|x86.ActiveCfg = Debug|iPhoneSimulator
		{FD6D6834-4C28-48BB-B203-08C2CCCBBD88}.Debug|x86.Build.0 = Debug|iPhoneSimulator
		{FD6D6834-4C28-48BB-B203-08C2CCCBBD88}.Debug|x86.Deploy.0 = Debug|iPhoneSimulator
		{FD6D6834-4C28-48BB-B203-08C2CCCBBD88}.Release|Any CPU.ActiveCfg = Release|iPhoneSimulator
		{FD6D6834-4C28-48BB-B203-08C2CCCBBD88}.Release|Any CPU.Build.0 = Release|iPhoneSimulator
		{FD6D6834-4C28-48BB-B203-08C2CCCBBD88}.Release|Any CPU.Deploy.0 = Release|iPhoneSimulator
		{FD6D6834-4C28-48BB-B203-08C2CCCBBD88}.Release|ARM.ActiveCfg = Release|iPhoneSimulator
		{FD6D6834-4C28-48BB-B203-08C2CCCBBD88}.Release|ARM.Build.0 = Release|iPhoneSimulator
		{FD6D6834-4C28-48BB-B203-08C2CCCBBD88}.Release|ARM.Deploy.0 = Release|iPhoneSimulator
		{FD6D6834-4C28-48BB-B203-08C2CCCBBD88}.Release|iPhone.ActiveCfg = Release|iPhone
		{FD6D6834-4C28-48BB-B203-08C2CCCBBD88}.Release|iPhone.Build.0 = Release|iPhone
		{FD6D6834-4C28-48BB-B203-08C2CCCBBD88}.Release|iPhone.Deploy.0 = Release|iPhone
		{FD6D6834-4C28-48BB-B203-08C2CCCBBD88}.Release|iPhoneSimulator.ActiveCfg = Release|iPhoneSimulator
		{FD6D6834-4C28-48BB-B203-08C2CCCBBD88}.Release|iPhoneSimulator.Build.0 = Release|iPhoneSimulator
		{FD6D6834-4C28-48BB-B203-08C2CCCBBD88}.Release|iPhoneSimulator.Deploy.0 = Release|iPhoneSimulator
		{FD6D6834-4C28-48BB-B203-08C2CCCBBD88}.Release|x64.ActiveCfg = Release|iPhoneSimulator
		{FD6D6834-4C28-48BB-B203-08C2CCCBBD88}.Release|x64.Build.0 = Release|iPhoneSimulator
		{FD6D6834-4C28-48BB-B203-08C2CCCBBD88}.Release|x64.Deploy.0 = Release|iPhoneSimulator
		{FD6D6834-4C28-48BB-B203-08C2CCCBBD88}.Release|x86.ActiveCfg = Release|iPhoneSimulator
		{FD6D6834-4C28-48BB-B203-08C2CCCBBD88}.Release|x86.Build.0 = Release|iPhoneSimulator
		{FD6D6834-4C28-48BB-B203-08C2CCCBBD88}.Release|x86.Deploy.0 = Release|iPhoneSimulator
		{3AA92DE1-3FFE-4A02-B973-20468050DB24}.Debug|Any CPU.ActiveCfg = Debug|Any CPU
		{3AA92DE1-3FFE-4A02-B973-20468050DB24}.Debug|Any CPU.Build.0 = Debug|Any CPU
		{3AA92DE1-3FFE-4A02-B973-20468050DB24}.Debug|Any CPU.Deploy.0 = Debug|Any CPU
		{3AA92DE1-3FFE-4A02-B973-20468050DB24}.Debug|ARM.ActiveCfg = Debug|Any CPU
		{3AA92DE1-3FFE-4A02-B973-20468050DB24}.Debug|ARM.Build.0 = Debug|Any CPU
		{3AA92DE1-3FFE-4A02-B973-20468050DB24}.Debug|ARM.Deploy.0 = Debug|Any CPU
		{3AA92DE1-3FFE-4A02-B973-20468050DB24}.Debug|iPhone.ActiveCfg = Debug|Any CPU
		{3AA92DE1-3FFE-4A02-B973-20468050DB24}.Debug|iPhone.Build.0 = Debug|Any CPU
		{3AA92DE1-3FFE-4A02-B973-20468050DB24}.Debug|iPhone.Deploy.0 = Debug|Any CPU
		{3AA92DE1-3FFE-4A02-B973-20468050DB24}.Debug|iPhoneSimulator.ActiveCfg = Debug|Any CPU
		{3AA92DE1-3FFE-4A02-B973-20468050DB24}.Debug|iPhoneSimulator.Build.0 = Debug|Any CPU
		{3AA92DE1-3FFE-4A02-B973-20468050DB24}.Debug|iPhoneSimulator.Deploy.0 = Debug|Any CPU
		{3AA92DE1-3FFE-4A02-B973-20468050DB24}.Debug|x64.ActiveCfg = Debug|Any CPU
		{3AA92DE1-3FFE-4A02-B973-20468050DB24}.Debug|x64.Build.0 = Debug|Any CPU
		{3AA92DE1-3FFE-4A02-B973-20468050DB24}.Debug|x64.Deploy.0 = Debug|Any CPU
		{3AA92DE1-3FFE-4A02-B973-20468050DB24}.Debug|x86.ActiveCfg = Debug|Any CPU
		{3AA92DE1-3FFE-4A02-B973-20468050DB24}.Debug|x86.Build.0 = Debug|Any CPU
		{3AA92DE1-3FFE-4A02-B973-20468050DB24}.Debug|x86.Deploy.0 = Debug|Any CPU
		{3AA92DE1-3FFE-4A02-B973-20468050DB24}.Release|Any CPU.ActiveCfg = Release|Any CPU
		{3AA92DE1-3FFE-4A02-B973-20468050DB24}.Release|Any CPU.Build.0 = Release|Any CPU
		{3AA92DE1-3FFE-4A02-B973-20468050DB24}.Release|Any CPU.Deploy.0 = Release|Any CPU
		{3AA92DE1-3FFE-4A02-B973-20468050DB24}.Release|ARM.ActiveCfg = Release|Any CPU
		{3AA92DE1-3FFE-4A02-B973-20468050DB24}.Release|ARM.Build.0 = Release|Any CPU
		{3AA92DE1-3FFE-4A02-B973-20468050DB24}.Release|ARM.Deploy.0 = Release|Any CPU
		{3AA92DE1-3FFE-4A02-B973-20468050DB24}.Release|iPhone.ActiveCfg = Release|Any CPU
		{3AA92DE1-3FFE-4A02-B973-20468050DB24}.Release|iPhone.Build.0 = Release|Any CPU
		{3AA92DE1-3FFE-4A02-B973-20468050DB24}.Release|iPhone.Deploy.0 = Release|Any CPU
		{3AA92DE1-3FFE-4A02-B973-20468050DB24}.Release|iPhoneSimulator.ActiveCfg = Release|Any CPU
		{3AA92DE1-3FFE-4A02-B973-20468050DB24}.Release|iPhoneSimulator.Build.0 = Release|Any CPU
		{3AA92DE1-3FFE-4A02-B973-20468050DB24}.Release|iPhoneSimulator.Deploy.0 = Release|Any CPU
		{3AA92DE1-3FFE-4A02-B973-20468050DB24}.Release|x64.ActiveCfg = Release|Any CPU
		{3AA92DE1-3FFE-4A02-B973-20468050DB24}.Release|x64.Build.0 = Release|Any CPU
		{3AA92DE1-3FFE-4A02-B973-20468050DB24}.Release|x64.Deploy.0 = Release|Any CPU
		{3AA92DE1-3FFE-4A02-B973-20468050DB24}.Release|x86.ActiveCfg = Release|Any CPU
		{3AA92DE1-3FFE-4A02-B973-20468050DB24}.Release|x86.Build.0 = Release|Any CPU
		{3AA92DE1-3FFE-4A02-B973-20468050DB24}.Release|x86.Deploy.0 = Release|Any CPU
	EndGlobalSection
	GlobalSection(SolutionProperties) = preSolution
		HideSolutionNode = FALSE
	EndGlobalSection
	GlobalSection(ExtensibilityGlobals) = postSolution
		SolutionGuid = {F7FB5751-CD16-405D-86D0-7942A06AF941}
	EndGlobalSection
EndGlobal
